
Microsoft Visual Studio Solution File, Format Version 12.00
# Visual Studio Version 17
VisualStudioVersion = 17.10.35122.118
MinimumVisualStudioVersion = 10.0.40219.1
Project("{FAE04EC0-301F-11D3-BF4B-00C04F79EFBC}") = "SureshBank", "SureshBank\SureshBank.csproj", "{4F83D971-C50D-4CCC-8276-8EE3246A1531}"
EndProject
Global
	GlobalSection(SolutionConfigurationPlatforms) = preSolution
		Debug|Any CPU = Debug|Any CPU
		Release|Any CPU = Release|Any CPU
	EndGlobalSection
	GlobalSection(ProjectConfigurationPlatforms) = postSolution
		{4F83D971-C50D-4CCC-8276-8EE3246A1531}.Debug|Any CPU.ActiveCfg = Debug|Any CPU
		{4F83D971-C50D-4CCC-8276-8EE3246A1531}.Debug|Any CPU.Build.0 = Debug|Any CPU
		{4F83D971-C50D-4CCC-8276-8EE3246A1531}.Release|Any CPU.ActiveCfg = Release|Any CPU
		{4F83D971-C50D-4CCC-8276-8EE3246A1531}.Release|Any CPU.Build.0 = Release|Any CPU
	EndGlobalSection
	GlobalSection(SolutionProperties) = preSolution
		HideSolutionNode = FALSE
	EndGlobalSection
	GlobalSection(ExtensibilityGlobals) = postSolution
		SolutionGuid = {0B93DF51-511D-42F9-BAA5-2644F275E8C2}
	EndGlobalSection
EndGlobal
